
Microsoft Visual Studio Solution File, Format Version 12.00
# Visual Studio 15
VisualStudioVersion = 15.0.26228.9
MinimumVisualStudioVersion = 10.0.40219.1
Project("{FAE04EC0-301F-11D3-BF4B-00C04F79EFBC}") = "GenericMvvm.Android", "GenericMvvm\GenericMvvm.Android\GenericMvvm.Android.csproj", "{2AE20DBE-4EF8-42F5-96D6-B0A1F0293C2A}"
EndProject
Project("{FAE04EC0-301F-11D3-BF4B-00C04F79EFBC}") = "GenericMvvm.iOS", "GenericMvvm\GenericMvvm.iOS\GenericMvvm.iOS.csproj", "{85813A58-B7D3-4336-88A8-55D257C9ACF7}"
EndProject
Project("{FAE04EC0-301F-11D3-BF4B-00C04F79EFBC}") = "GenericMvvm", "GenericMvvm\GenericMvvm\GenericMvvm.csproj", "{9DE3A2CF-99F9-48FA-97AF-464A567F6BD0}"
EndProject
Global
	GlobalSection(SolutionConfigurationPlatforms) = preSolution
		Debug|Any CPU = Debug|Any CPU
		Debug|iPhone = Debug|iPhone
		Debug|iPhoneSimulator = Debug|iPhoneSimulator
		Release|Any CPU = Release|Any CPU
		Release|iPhone = Release|iPhone
		Release|iPhoneSimulator = Release|iPhoneSimulator
	EndGlobalSection
	GlobalSection(ProjectConfigurationPlatforms) = postSolution
		{2AE20DBE-4EF8-42F5-96D6-B0A1F0293C2A}.Debug|Any CPU.ActiveCfg = Debug|Any CPU
		{2AE20DBE-4EF8-42F5-96D6-B0A1F0293C2A}.Debug|Any CPU.Build.0 = Debug|Any CPU
		{2AE20DBE-4EF8-42F5-96D6-B0A1F0293C2A}.Debug|Any CPU.Deploy.0 = Debug|Any CPU
		{2AE20DBE-4EF8-42F5-96D6-B0A1F0293C2A}.Debug|iPhone.ActiveCfg = Debug|Any CPU
		{2AE20DBE-4EF8-42F5-96D6-B0A1F0293C2A}.Debug|iPhone.Build.0 = Debug|Any CPU
		{2AE20DBE-4EF8-42F5-96D6-B0A1F0293C2A}.Debug|iPhone.Deploy.0 = Debug|Any CPU
		{2AE20DBE-4EF8-42F5-96D6-B0A1F0293C2A}.Debug|iPhoneSimulator.ActiveCfg = Debug|Any CPU
		{2AE20DBE-4EF8-42F5-96D6-B0A1F0293C2A}.Debug|iPhoneSimulator.Build.0 = Debug|Any CPU
		{2AE20DBE-4EF8-42F5-96D6-B0A1F0293C2A}.Debug|iPhoneSimulator.Deploy.0 = Debug|Any CPU
		{2AE20DBE-4EF8-42F5-96D6-B0A1F0293C2A}.Release|Any CPU.ActiveCfg = Release|Any CPU
		{2AE20DBE-4EF8-42F5-96D6-B0A1F0293C2A}.Release|Any CPU.Build.0 = Release|Any CPU
		{2AE20DBE-4EF8-42F5-96D6-B0A1F0293C2A}.Release|Any CPU.Deploy.0 = Release|Any CPU
		{2AE20DBE-4EF8-42F5-96D6-B0A1F0293C2A}.Release|iPhone.ActiveCfg = Release|Any CPU
		{2AE20DBE-4EF8-42F5-96D6-B0A1F0293C2A}.Release|iPhone.Build.0 = Release|Any CPU
		{2AE20DBE-4EF8-42F5-96D6-B0A1F0293C2A}.Release|iPhone.Deploy.0 = Release|Any CPU
		{2AE20DBE-4EF8-42F5-96D6-B0A1F0293C2A}.Release|iPhoneSimulator.ActiveCfg = Release|Any CPU
		{2AE20DBE-4EF8-42F5-96D6-B0A1F0293C2A}.Release|iPhoneSimulator.Build.0 = Release|Any CPU
		{2AE20DBE-4EF8-42F5-96D6-B0A1F0293C2A}.Release|iPhoneSimulator.Deploy.0 = Release|Any CPU
		{85813A58-B7D3-4336-88A8-55D257C9ACF7}.Debug|Any CPU.ActiveCfg = Debug|iPhone
		{85813A58-B7D3-4336-88A8-55D257C9ACF7}.Debug|iPhone.ActiveCfg = Debug|iPhone
		{85813A58-B7D3-4336-88A8-55D257C9ACF7}.Debug|iPhone.Build.0 = Debug|iPhone
		{85813A58-B7D3-4336-88A8-55D257C9ACF7}.Debug|iPhoneSimulator.ActiveCfg = Debug|iPhoneSimulator
		{85813A58-B7D3-4336-88A8-55D257C9ACF7}.Debug|iPhoneSimulator.Build.0 = Debug|iPhoneSimulator
		{85813A58-B7D3-4336-88A8-55D257C9ACF7}.Release|Any CPU.ActiveCfg = Release|iPhone
		{85813A58-B7D3-4336-88A8-55D257C9ACF7}.Release|iPhone.ActiveCfg = Release|iPhone
		{85813A58-B7D3-4336-88A8-55D257C9ACF7}.Release|iPhone.Build.0 = Release|iPhone
		{85813A58-B7D3-4336-88A8-55D257C9ACF7}.Release|iPhoneSimulator.ActiveCfg = Release|iPhoneSimulator
		{85813A58-B7D3-4336-88A8-55D257C9ACF7}.Release|iPhoneSimulator.Build.0 = Release|iPhoneSimulator
		{9DE3A2CF-99F9-48FA-97AF-464A567F6BD0}.Debug|Any CPU.ActiveCfg = Debug|Any CPU
		{9DE3A2CF-99F9-48FA-97AF-464A567F6BD0}.Debug|Any CPU.Build.0 = Debug|Any CPU
		{9DE3A2CF-99F9-48FA-97AF-464A567F6BD0}.Debug|iPhone.ActiveCfg = Debug|Any CPU
		{9DE3A2CF-99F9-48FA-97AF-464A567F6BD0}.Debug|iPhone.Build.0 = Debug|Any CPU
		{9DE3A2CF-99F9-48FA-97AF-464A567F6BD0}.Debug|iPhoneSimulator.ActiveCfg = Debug|Any CPU
		{9DE3A2CF-99F9-48FA-97AF-464A567F6BD0}.Debug|iPhoneSimulator.Build.0 = Debug|Any CPU
		{9DE3A2CF-99F9-48FA-97AF-464A567F6BD0}.Release|Any CPU.ActiveCfg = Release|Any CPU
		{9DE3A2CF-99F9-48FA-97AF-464A567F6BD0}.Release|Any CPU.Build.0 = Release|Any CPU
		{9DE3A2CF-99F9-48FA-97AF-464A567F6BD0}.Release|iPhone.ActiveCfg = Release|Any CPU
		{9DE3A2CF-99F9-48FA-97AF-464A567F6BD0}.Release|iPhone.Build.0 = Release|Any CPU
		{9DE3A2CF-99F9-48FA-97AF-464A567F6BD0}.Release|iPhoneSimulator.ActiveCfg = Release|Any CPU
		{9DE3A2CF-99F9-48FA-97AF-464A567F6BD0}.Release|iPhoneSimulator.Build.0 = Release|Any CPU
	EndGlobalSection
	GlobalSection(SolutionProperties) = preSolution
		HideSolutionNode = FALSE
	EndGlobalSection
EndGlobal
